
Microsoft Visual Studio Solution File, Format Version 12.00
# Visual Studio Version 17
VisualStudioVersion = 17.4.33205.214
MinimumVisualStudioVersion = 10.0.40219.1
Project("{FAE04EC0-301F-11D3-BF4B-00C04F79EFBC}") = "WebAPI-Core-.NET7", "WebAPI-Core-.NET7\WebAPI-Core-.NET7.csproj", "{FF38DDE2-0F48-4078-99BA-7289DA3217A9}"
EndProject
Global
	GlobalSection(SolutionConfigurationPlatforms) = preSolution
		Debug|Any CPU = Debug|Any CPU
		Release|Any CPU = Release|Any CPU
	EndGlobalSection
	GlobalSection(ProjectConfigurationPlatforms) = postSolution
		{FF38DDE2-0F48-4078-99BA-7289DA3217A9}.Debug|Any CPU.ActiveCfg = Debug|Any CPU
		{FF38DDE2-0F48-4078-99BA-7289DA3217A9}.Debug|Any CPU.Build.0 = Debug|Any CPU
		{FF38DDE2-0F48-4078-99BA-7289DA3217A9}.Release|Any CPU.ActiveCfg = Release|Any CPU
		{FF38DDE2-0F48-4078-99BA-7289DA3217A9}.Release|Any CPU.Build.0 = Release|Any CPU
	EndGlobalSection
	GlobalSection(SolutionProperties) = preSolution
		HideSolutionNode = FALSE
	EndGlobalSection
	GlobalSection(ExtensibilityGlobals) = postSolution
		SolutionGuid = {D5205F37-EE1E-40FD-A84A-570C89F8A593}
	EndGlobalSection
EndGlobal
